// !$*UTF8*$!
{
	archiveVersion = 1;
	classes = {
	};
	objectVersion = 50;
	objects = {

/* Begin PBXBuildFile section */
		C335E6902430CAB100F8AE4A /* AppDelegate.swift in Sources */ = {isa = PBXBuildFile; fileRef = C335E68F2430CAB100F8AE4A /* AppDelegate.swift */; };
		C335E6922430CAB100F8AE4A /* SceneDelegate.swift in Sources */ = {isa = PBXBuildFile; fileRef = C335E6912430CAB100F8AE4A /* SceneDelegate.swift */; };
		C335E6942430CAB100F8AE4A /* ViewController.swift in Sources */ = {isa = PBXBuildFile; fileRef = C335E6932430CAB100F8AE4A /* ViewController.swift */; };
		C335E6972430CAB100F8AE4A /* Main.storyboard in Resources */ = {isa = PBXBuildFile; fileRef = C335E6952430CAB100F8AE4A /* Main.storyboard */; };
		C335E6992430CAB800F8AE4A /* Assets.xcassets in Resources */ = {isa = PBXBuildFile; fileRef = C335E6982430CAB800F8AE4A /* Assets.xcassets */; };
		C335E69C2430CAB800F8AE4A /* LaunchScreen.storyboard in Resources */ = {isa = PBXBuildFile; fileRef = C335E69A2430CAB800F8AE4A /* LaunchScreen.storyboard */; };
		C335E6A72430CAB800F8AE4A /* Map_OperationsTests.swift in Sources */ = {isa = PBXBuildFile; fileRef = C335E6A62430CAB800F8AE4A /* Map_OperationsTests.swift */; };
		C335E6B22430CAB800F8AE4A /* Map_OperationsUITests.swift in Sources */ = {isa = PBXBuildFile; fileRef = C335E6B12430CAB800F8AE4A /* Map_OperationsUITests.swift */; };
/* End PBXBuildFile section */

/* Begin PBXContainerItemProxy section */
		C335E6A32430CAB800F8AE4A /* PBXContainerItemProxy */ = {
			isa = PBXContainerItemProxy;
			containerPortal = C335E6842430CAB100F8AE4A /* Project object */;
			proxyType = 1;
			remoteGlobalIDString = C335E68B2430CAB100F8AE4A;
			remoteInfo = Map_Operations;
		};
		C335E6AE2430CAB800F8AE4A /* PBXContainerItemProxy */ = {
			isa = PBXContainerItemProxy;
			containerPortal = C335E6842430CAB100F8AE4A /* Project object */;
			proxyType = 1;
			remoteGlobalIDString = C335E68B2430CAB100F8AE4A;
			remoteInfo = Map_Operations;
		};
/* End PBXContainerItemProxy section */

/* Begin PBXFileReference section */
		C335E68C2430CAB100F8AE4A /* Map_Operations.app */ = {isa = PBXFileReference; explicitFileType = wrapper.application; includeInIndex = 0; path = Map_Operations.app; sourceTree = BUILT_PRODUCTS_DIR; };
		C335E68F2430CAB100F8AE4A /* AppDelegate.swift */ = {isa = PBXFileReference; lastKnownFileType = sourcecode.swift; path = AppDelegate.swift; sourceTree = "<group>"; };
		C335E6912430CAB100F8AE4A /* SceneDelegate.swift */ = {isa = PBXFileReference; lastKnownFileType = sourcecode.swift; path = SceneDelegate.swift; sourceTree = "<group>"; };
		C335E6932430CAB100F8AE4A /* ViewController.swift */ = {isa = PBXFileReference; lastKnownFileType = sourcecode.swift; path = ViewController.swift; sourceTree = "<group>"; };
		C335E6962430CAB100F8AE4A /* Base */ = {isa = PBXFileReference; lastKnownFileType = file.storyboard; name = Base; path = Base.lproj/Main.storyboard; sourceTree = "<group>"; };
		C335E6982430CAB800F8AE4A /* Assets.xcassets */ = {isa = PBXFileReference; lastKnownFileType = folder.assetcatalog; path = Assets.xcassets; sourceTree = "<group>"; };
		C335E69B2430CAB800F8AE4A /* Base */ = {isa = PBXFileReference; lastKnownFileType = file.storyboard; name = Base; path = Base.lproj/LaunchScreen.storyboard; sourceTree = "<group>"; };
		C335E69D2430CAB800F8AE4A /* Info.plist */ = {isa = PBXFileReference; lastKnownFileType = text.plist.xml; path = Info.plist; sourceTree = "<group>"; };
		C335E6A22430CAB800F8AE4A /* Map_OperationsTests.xctest */ = {isa = PBXFileReference; explicitFileType = wrapper.cfbundle; includeInIndex = 0; path = Map_OperationsTests.xctest; sourceTree = BUILT_PRODUCTS_DIR; };
		C335E6A62430CAB800F8AE4A /* Map_OperationsTests.swift */ = {isa = PBXFileReference; lastKnownFileType = sourcecode.swift; path = Map_OperationsTests.swift; sourceTree = "<group>"; };
		C335E6A82430CAB800F8AE4A /* Info.plist */ = {isa = PBXFileReference; lastKnownFileType = text.plist.xml; path = Info.plist; sourceTree = "<group>"; };
		C335E6AD2430CAB800F8AE4A /* Map_OperationsUITests.xctest */ = {isa = PBXFileReference; explicitFileType = wrapper.cfbundle; includeInIndex = 0; path = Map_OperationsUITests.xctest; sourceTree = BUILT_PRODUCTS_DIR; };
		C335E6B12430CAB800F8AE4A /* Map_OperationsUITests.swift */ = {isa = PBXFileReference; lastKnownFileType = sourcecode.swift; path = Map_OperationsUITests.swift; sourceTree = "<group>"; };
		C335E6B32430CAB800F8AE4A /* Info.plist */ = {isa = PBXFileReference; lastKnownFileType = text.plist.xml; path = Info.plist; sourceTree = "<group>"; };
/* End PBXFileReference section */

/* Begin PBXFrameworksBuildPhase section */
		C335E6892430CAB100F8AE4A /* Frameworks */ = {
			isa = PBXFrameworksBuildPhase;
			buildActionMask = 2147483647;
			files = (
			);
			runOnlyForDeploymentPostprocessing = 0;
		};
		C335E69F2430CAB800F8AE4A /* Frameworks */ = {
			isa = PBXFrameworksBuildPhase;
			buildActionMask = 2147483647;
			files = (
			);
			runOnlyForDeploymentPostprocessing = 0;
		};
		C335E6AA2430CAB800F8AE4A /* Frameworks */ = {
			isa = PBXFrameworksBuildPhase;
			buildActionMask = 2147483647;
			files = (
			);
			runOnlyForDeploymentPostprocessing = 0;
		};
/* End PBXFrameworksBuildPhase section */

/* Begin PBXGroup section */
		C335E6832430CAB100F8AE4A = {
			isa = PBXGroup;
			children = (
				C335E68E2430CAB100F8AE4A /* Map_Operations */,
				C335E6A52430CAB800F8AE4A /* Map_OperationsTests */,
				C335E6B02430CAB800F8AE4A /* Map_OperationsUITests */,
				C335E68D2430CAB100F8AE4A /* Products */,
			);
			sourceTree = "<group>";
		};
		C335E68D2430CAB100F8AE4A /* Products */ = {
			isa = PBXGroup;
			children = (
				C335E68C2430CAB100F8AE4A /* Map_Operations.app */,
				C335E6A22430CAB800F8AE4A /* Map_OperationsTests.xctest */,
				C335E6AD2430CAB800F8AE4A /* Map_OperationsUITests.xctest */,
			);
			name = Products;
			sourceTree = "<group>";
		};
		C335E68E2430CAB100F8AE4A /* Map_Operations */ = {
			isa = PBXGroup;
			children = (
				C335E68F2430CAB100F8AE4A /* AppDelegate.swift */,
				C335E6912430CAB100F8AE4A /* SceneDelegate.swift */,
				C335E6932430CAB100F8AE4A /* ViewController.swift */,
				C335E6952430CAB100F8AE4A /* Main.storyboard */,
				C335E6982430CAB800F8AE4A /* Assets.xcassets */,
				C335E69A2430CAB800F8AE4A /* LaunchScreen.storyboard */,
				C335E69D2430CAB800F8AE4A /* Info.plist */,
			);
			path = Map_Operations;
			sourceTree = "<group>";
		};
		C335E6A52430CAB800F8AE4A /* Map_OperationsTests */ = {
			isa = PBXGroup;
			children = (
				C335E6A62430CAB800F8AE4A /* Map_OperationsTests.swift */,
				C335E6A82430CAB800F8AE4A /* Info.plist */,
			);
			path = Map_OperationsTests;
			sourceTree = "<group>";
		};
		C335E6B02430CAB800F8AE4A /* Map_OperationsUITests */ = {
			isa = PBXGroup;
			children = (
				C335E6B12430CAB800F8AE4A /* Map_OperationsUITests.swift */,
				C335E6B32430CAB800F8AE4A /* Info.plist */,
			);
			path = Map_OperationsUITests;
			sourceTree = "<group>";
		};
/* End PBXGroup section */

/* Begin PBXNativeTarget section */
		C335E68B2430CAB100F8AE4A /* Map_Operations */ = {
			isa = PBXNativeTarget;
			buildConfigurationList = C335E6B62430CAB800F8AE4A /* Build configuration list for PBXNativeTarget "Map_Operations" */;
			buildPhases = (
				C335E6882430CAB100F8AE4A /* Sources */,
				C335E6892430CAB100F8AE4A /* Frameworks */,
				C335E68A2430CAB100F8AE4A /* Resources */,
			);
			buildRules = (
			);
			dependencies = (
			);
			name = Map_Operations;
			productName = Map_Operations;
			productReference = C335E68C2430CAB100F8AE4A /* Map_Operations.app */;
			productType = "com.apple.product-type.application";
		};
		C335E6A12430CAB800F8AE4A /* Map_OperationsTests */ = {
			isa = PBXNativeTarget;
			buildConfigurationList = C335E6B92430CAB800F8AE4A /* Build configuration list for PBXNativeTarget "Map_OperationsTests" */;
			buildPhases = (
				C335E69E2430CAB800F8AE4A /* Sources */,
				C335E69F2430CAB800F8AE4A /* Frameworks */,
				C335E6A02430CAB800F8AE4A /* Resources */,
			);
			buildRules = (
			);
			dependencies = (
				C335E6A42430CAB800F8AE4A /* PBXTargetDependency */,
			);
			name = Map_OperationsTests;
			productName = Map_OperationsTests;
			productReference = C335E6A22430CAB800F8AE4A /* Map_OperationsTests.xctest */;
			productType = "com.apple.product-type.bundle.unit-test";
		};
		C335E6AC2430CAB800F8AE4A /* Map_OperationsUITests */ = {
			isa = PBXNativeTarget;
			buildConfigurationList = C335E6BC2430CAB800F8AE4A /* Build configuration list for PBXNativeTarget "Map_OperationsUITests" */;
			buildPhases = (
				C335E6A92430CAB800F8AE4A /* Sources */,
				C335E6AA2430CAB800F8AE4A /* Frameworks */,
				C335E6AB2430CAB800F8AE4A /* Resources */,
			);
			buildRules = (
			);
			dependencies = (
				C335E6AF2430CAB800F8AE4A /* PBXTargetDependency */,
			);
			name = Map_OperationsUITests;
			productName = Map_OperationsUITests;
			productReference = C335E6AD2430CAB800F8AE4A /* Map_OperationsUITests.xctest */;
			productType = "com.apple.product-type.bundle.ui-testing";
		};
/* End PBXNativeTarget section */

/* Begin PBXProject section */
		C335E6842430CAB100F8AE4A /* Project object */ = {
			isa = PBXProject;
			attributes = {
				LastSwiftUpdateCheck = 1140;
				LastUpgradeCheck = 1140;
				ORGANIZATIONNAME = "Hyeonmok Ko";
				TargetAttributes = {
					C335E68B2430CAB100F8AE4A = {
						CreatedOnToolsVersion = 11.4;
					};
					C335E6A12430CAB800F8AE4A = {
						CreatedOnToolsVersion = 11.4;
						TestTargetID = C335E68B2430CAB100F8AE4A;
					};
					C335E6AC2430CAB800F8AE4A = {
						CreatedOnToolsVersion = 11.4;
						TestTargetID = C335E68B2430CAB100F8AE4A;
					};
				};
			};
			buildConfigurationList = C335E6872430CAB100F8AE4A /* Build configuration list for PBXProject "Map_Operations" */;
			compatibilityVersion = "Xcode 9.3";
			developmentRegion = en;
			hasScannedForEncodings = 0;
			knownRegions = (
				en,
				Base,
			);
			mainGroup = C335E6832430CAB100F8AE4A;
			productRefGroup = C335E68D2430CAB100F8AE4A /* Products */;
			projectDirPath = "";
			projectRoot = "";
			targets = (
				C335E68B2430CAB100F8AE4A /* Map_Operations */,
				C335E6A12430CAB800F8AE4A /* Map_OperationsTests */,
				C335E6AC2430CAB800F8AE4A /* Map_OperationsUITests */,
			);
		};
/* End PBXProject section */

/* Begin PBXResourcesBuildPhase section */
		C335E68A2430CAB100F8AE4A /* Resources */ = {
			isa = PBXResourcesBuildPhase;
			buildActionMask = 2147483647;
			files = (
				C335E69C2430CAB800F8AE4A /* LaunchScreen.storyboard in Resources */,
				C335E6992430CAB800F8AE4A /* Assets.xcassets in Resources */,
				C335E6972430CAB100F8AE4A /* Main.storyboard in Resources */,
			);
			runOnlyForDeploymentPostprocessing = 0;
		};
		C335E6A02430CAB800F8AE4A /* Resources */ = {
			isa = PBXResourcesBuildPhase;
			buildActionMask = 2147483647;
			files = (
			);
			runOnlyForDeploymentPostprocessing = 0;
		};
		C335E6AB2430CAB800F8AE4A /* Resources */ = {
			isa = PBXResourcesBuildPhase;
			buildActionMask = 2147483647;
			files = (
			);
			runOnlyForDeploymentPostprocessing = 0;
		};
/* End PBXResourcesBuildPhase section */

/* Begin PBXSourcesBuildPhase section */
		C335E6882430CAB100F8AE4A /* Sources */ = {
			isa = PBXSourcesBuildPhase;
			buildActionMask = 2147483647;
			files = (
				C335E6942430CAB100F8AE4A /* ViewController.swift in Sources */,
				C335E6902430CAB100F8AE4A /* AppDelegate.swift in Sources */,
				C335E6922430CAB100F8AE4A /* SceneDelegate.swift in Sources */,
			);
			runOnlyForDeploymentPostprocessing = 0;
		};
		C335E69E2430CAB800F8AE4A /* Sources */ = {
			isa = PBXSourcesBuildPhase;
			buildActionMask = 2147483647;
			files = (
				C335E6A72430CAB800F8AE4A /* Map_OperationsTests.swift in Sources */,
			);
			runOnlyForDeploymentPostprocessing = 0;
		};
		C335E6A92430CAB800F8AE4A /* Sources */ = {
			isa = PBXSourcesBuildPhase;
			buildActionMask = 2147483647;
			files = (
				C335E6B22430CAB800F8AE4A /* Map_OperationsUITests.swift in Sources */,
			);
			runOnlyForDeploymentPostprocessing = 0;
		};
/* End PBXSourcesBuildPhase section */

/* Begin PBXTargetDependency section */
		C335E6A42430CAB800F8AE4A /* PBXTargetDependency */ = {
			isa = PBXTargetDependency;
			target = C335E68B2430CAB100F8AE4A /* Map_Operations */;
			targetProxy = C335E6A32430CAB800F8AE4A /* PBXContainerItemProxy */;
		};
		C335E6AF2430CAB800F8AE4A /* PBXTargetDependency */ = {
			isa = PBXTargetDependency;
			target = C335E68B2430CAB100F8AE4A /* Map_Operations */;
			targetProxy = C335E6AE2430CAB800F8AE4A /* PBXContainerItemProxy */;
		};
/* End PBXTargetDependency section */

/* Begin PBXVariantGroup section */
		C335E6952430CAB100F8AE4A /* Main.storyboard */ = {
			isa = PBXVariantGroup;
			children = (
				C335E6962430CAB100F8AE4A /* Base */,
			);
			name = Main.storyboard;
			sourceTree = "<group>";
		};
		C335E69A2430CAB800F8AE4A /* LaunchScreen.storyboard */ = {
			isa = PBXVariantGroup;
			children = (
				C335E69B2430CAB800F8AE4A /* Base */,
			);
			name = LaunchScreen.storyboard;
			sourceTree = "<group>";
		};
/* End PBXVariantGroup section */

/* Begin XCBuildConfiguration section */
		C335E6B42430CAB800F8AE4A /* Debug */ = {
			isa = XCBuildConfiguration;
			buildSettings = {
				ALWAYS_SEARCH_USER_PATHS = NO;
				CLANG_ANALYZER_NONNULL = YES;
				CLANG_ANALYZER_NUMBER_OBJECT_CONVERSION = YES_AGGRESSIVE;
				CLANG_CXX_LANGUAGE_STANDARD = "gnu++14";
				CLANG_CXX_LIBRARY = "libc++";
				CLANG_ENABLE_MODULES = YES;
				CLANG_ENABLE_OBJC_ARC = YES;
				CLANG_ENABLE_OBJC_WEAK = YES;
				CLANG_WARN_BLOCK_CAPTURE_AUTORELEASING = YES;
				CLANG_WARN_BOOL_CONVERSION = YES;
				CLANG_WARN_COMMA = YES;
				CLANG_WARN_CONSTANT_CONVERSION = YES;
				CLANG_WARN_DEPRECATED_OBJC_IMPLEMENTATIONS = YES;
				CLANG_WARN_DIRECT_OBJC_ISA_USAGE = YES_ERROR;
				CLANG_WARN_DOCUMENTATION_COMMENTS = YES;
				CLANG_WARN_EMPTY_BODY = YES;
				CLANG_WARN_ENUM_CONVERSION = YES;
				CLANG_WARN_INFINITE_RECURSION = YES;
				CLANG_WARN_INT_CONVERSION = YES;
				CLANG_WARN_NON_LITERAL_NULL_CONVERSION = YES;
				CLANG_WARN_OBJC_IMPLICIT_RETAIN_SELF = YES;
				CLANG_WARN_OBJC_LITERAL_CONVERSION = YES;
				CLANG_WARN_OBJC_ROOT_CLASS = YES_ERROR;
				CLANG_WARN_RANGE_LOOP_ANALYSIS = YES;
				CLANG_WARN_STRICT_PROTOTYPES = YES;
				CLANG_WARN_SUSPICIOUS_MOVE = YES;
				CLANG_WARN_UNGUARDED_AVAILABILITY = YES_AGGRESSIVE;
				CLANG_WARN_UNREACHABLE_CODE = YES;
				CLANG_WARN__DUPLICATE_METHOD_MATCH = YES;
				COPY_PHASE_STRIP = NO;
				DEBUG_INFORMATION_FORMAT = dwarf;
				ENABLE_STRICT_OBJC_MSGSEND = YES;
				ENABLE_TESTABILITY = YES;
				GCC_C_LANGUAGE_STANDARD = gnu11;
				GCC_DYNAMIC_NO_PIC = NO;
				GCC_NO_COMMON_BLOCKS = YES;
				GCC_OPTIMIZATION_LEVEL = 0;
				GCC_PREPROCESSOR_DEFINITIONS = (
					"DEBUG=1",
					"$(inherited)",
				);
				GCC_WARN_64_TO_32_BIT_CONVERSION = YES;
				GCC_WARN_ABOUT_RETURN_TYPE = YES_ERROR;
				GCC_WARN_UNDECLARED_SELECTOR = YES;
				GCC_WARN_UNINITIALIZED_AUTOS = YES_AGGRESSIVE;
				GCC_WARN_UNUSED_FUNCTION = YES;
				GCC_WARN_UNUSED_VARIABLE = YES;
				IPHONEOS_DEPLOYMENT_TARGET = 13.4;
				MTL_ENABLE_DEBUG_INFO = INCLUDE_SOURCE;
				MTL_FAST_MATH = YES;
				ONLY_ACTIVE_ARCH = YES;
				SDKROOT = iphoneos;
				SWIFT_ACTIVE_COMPILATION_CONDITIONS = DEBUG;
				SWIFT_OPTIMIZATION_LEVEL = "-Onone";
			};
			name = Debug;
		};
		C335E6B52430CAB800F8AE4A /* Release */ = {
			isa = XCBuildConfiguration;
			buildSettings = {
				ALWAYS_SEARCH_USER_PATHS = NO;
				CLANG_ANALYZER_NONNULL = YES;
				CLANG_ANALYZER_NUMBER_OBJECT_CONVERSION = YES_AGGRESSIVE;
				CLANG_CXX_LANGUAGE_STANDARD = "gnu++14";
				CLANG_CXX_LIBRARY = "libc++";
				CLANG_ENABLE_MODULES = YES;
				CLANG_ENABLE_OBJC_ARC = YES;
				CLANG_ENABLE_OBJC_WEAK = YES;
				CLANG_WARN_BLOCK_CAPTURE_AUTORELEASING = YES;
				CLANG_WARN_BOOL_CONVERSION = YES;
				CLANG_WARN_COMMA = YES;
				CLANG_WARN_CONSTANT_CONVERSION = YES;
				CLANG_WARN_DEPRECATED_OBJC_IMPLEMENTATIONS = YES;
				CLANG_WARN_DIRECT_OBJC_ISA_USAGE = YES_ERROR;
				CLANG_WARN_DOCUMENTATION_COMMENTS = YES;
				CLANG_WARN_EMPTY_BODY = YES;
				CLANG_WARN_ENUM_CONVERSION = YES;
				CLANG_WARN_INFINITE_RECURSION = YES;
				CLANG_WARN_INT_CONVERSION = YES;
				CLANG_WARN_NON_LITERAL_NULL_CONVERSION = YES;
				CLANG_WARN_OBJC_IMPLICIT_RETAIN_SELF = YES;
				CLANG_WARN_OBJC_LITERAL_CONVERSION = YES;
				CLANG_WARN_OBJC_ROOT_CLASS = YES_ERROR;
				CLANG_WARN_RANGE_LOOP_ANALYSIS = YES;
				CLANG_WARN_STRICT_PROTOTYPES = YES;
				CLANG_WARN_SUSPICIOUS_MOVE = YES;
				CLANG_WARN_UNGUARDED_AVAILABILITY = YES_AGGRESSIVE;
				CLANG_WARN_UNREACHABLE_CODE = YES;
				CLANG_WARN__DUPLICATE_METHOD_MATCH = YES;
				COPY_PHASE_STRIP = NO;
				DEBUG_INFORMATION_FORMAT = "dwarf-with-dsym";
				ENABLE_NS_ASSERTIONS = NO;
				ENABLE_STRICT_OBJC_MSGSEND = YES;
				GCC_C_LANGUAGE_STANDARD = gnu11;
				GCC_NO_COMMON_BLOCKS = YES;
				GCC_WARN_64_TO_32_BIT_CONVERSION = YES;
				GCC_WARN_ABOUT_RETURN_TYPE = YES_ERROR;
				GCC_WARN_UNDECLARED_SELECTOR = YES;
				GCC_WARN_UNINITIALIZED_AUTOS = YES_AGGRESSIVE;
				GCC_WARN_UNUSED_FUNCTION = YES;
				GCC_WARN_UNUSED_VARIABLE = YES;
				IPHONEOS_DEPLOYMENT_TARGET = 13.4;
				MTL_ENABLE_DEBUG_INFO = NO;
				MTL_FAST_MATH = YES;
				SDKROOT = iphoneos;
				SWIFT_COMPILATION_MODE = wholemodule;
				SWIFT_OPTIMIZATION_LEVEL = "-O";
				VALIDATE_PRODUCT = YES;
			};
			name = Release;
		};
		C335E6B72430CAB800F8AE4A /* Debug */ = {
			isa = XCBuildConfiguration;
			buildSettings = {
				ASSETCATALOG_COMPILER_APPICON_NAME = AppIcon;
				CODE_SIGN_STYLE = Automatic;
				DEVELOPMENT_TEAM = 794JRYQNL8;
				INFOPLIST_FILE = Map_Operations/Info.plist;
				LD_RUNPATH_SEARCH_PATHS = (
					"$(inherited)",
					"@executable_path/Frameworks",
				);
				PRODUCT_BUNDLE_IDENTIFIER = "hmko.Map-Operations";
				PRODUCT_NAME = "$(TARGET_NAME)";
				SWIFT_VERSION = 5.0;
				TARGETED_DEVICE_FAMILY = "1,2";
			};
			name = Debug;
		};
		C335E6B82430CAB800F8AE4A /* Release */ = {
			isa = XCBuildConfiguration;
			buildSettings = {
				ASSETCATALOG_COMPILER_APPICON_NAME = AppIcon;
				CODE_SIGN_STYLE = Automatic;
				DEVELOPMENT_TEAM = 794JRYQNL8;
				INFOPLIST_FILE = Map_Operations/Info.plist;
				LD_RUNPATH_SEARCH_PATHS = (
					"$(inherited)",
					"@executable_path/Frameworks",
				);
				PRODUCT_BUNDLE_IDENTIFIER = "hmko.Map-Operations";
				PRODUCT_NAME = "$(TARGET_NAME)";
				SWIFT_VERSION = 5.0;
				TARGETED_DEVICE_FAMILY = "1,2";
			};
			name = Release;
		};
		C335E6BA2430CAB800F8AE4A /* Debug */ = {
			isa = XCBuildConfiguration;
			buildSettings = {
				ALWAYS_EMBED_SWIFT_STANDARD_LIBRARIES = YES;
				BUNDLE_LOADER = "$(TEST_HOST)";
				CODE_SIGN_STYLE = Automatic;
				DEVELOPMENT_TEAM = 794JRYQNL8;
				INFOPLIST_FILE = Map_OperationsTests/Info.plist;
				IPHONEOS_DEPLOYMENT_TARGET = 13.4;
				LD_RUNPATH_SEARCH_PATHS = (
					"$(inherited)",
					"@executable_path/Frameworks",
					"@loader_path/Frameworks",
				);
				PRODUCT_BUNDLE_IDENTIFIER = "hmko.Map-OperationsTests";
				PRODUCT_NAME = "$(TARGET_NAME)";
				SWIFT_VERSION = 5.0;
				TARGETED_DEVICE_FAMILY = "1,2";
				TEST_HOST = "$(BUILT_PRODUCTS_DIR)/Map_Operations.app/Map_Operations";
			};
			name = Debug;
		};
		C335E6BB2430CAB800F8AE4A /* Release */ = {
			isa = XCBuildConfiguration;
			buildSettings = {
				ALWAYS_EMBED_SWIFT_STANDARD_LIBRARIES = YES;
				BUNDLE_LOADER = "$(TEST_HOST)";
				CODE_SIGN_STYLE = Automatic;
				DEVELOPMENT_TEAM = 794JRYQNL8;
				INFOPLIST_FILE = Map_OperationsTests/Info.plist;
				IPHONEOS_DEPLOYMENT_TARGET = 13.4;
				LD_RUNPATH_SEARCH_PATHS = (
					"$(inherited)",
					"@executable_path/Frameworks",
					"@loader_path/Frameworks",
				);
				PRODUCT_BUNDLE_IDENTIFIER = "hmko.Map-OperationsTests";
				PRODUCT_NAME = "$(TARGET_NAME)";
				SWIFT_VERSION = 5.0;
				TARGETED_DEVICE_FAMILY = "1,2";
				TEST_HOST = "$(BUILT_PRODUCTS_DIR)/Map_Operations.app/Map_Operations";
			};
			name = Release;
		};
		C335E6BD2430CAB800F8AE4A /* Debug */ = {
			isa = XCBuildConfiguration;
			buildSettings = {
				ALWAYS_EMBED_SWIFT_STANDARD_LIBRARIES = YES;
				CODE_SIGN_STYLE = Automatic;
				DEVELOPMENT_TEAM = 794JRYQNL8;
				INFOPLIST_FILE = Map_OperationsUITests/Info.plist;
				LD_RUNPATH_SEARCH_PATHS = (
					"$(inherited)",
					"@executable_path/Frameworks",
					"@loader_path/Frameworks",
				);
				PRODUCT_BUNDLE_IDENTIFIER = "hmko.Map-OperationsUITests";
				PRODUCT_NAME = "$(TARGET_NAME)";
				SWIFT_VERSION = 5.0;
				TARGETED_DEVICE_FAMILY = "1,2";
				TEST_TARGET_NAME = Map_Operations;
			};
			name = Debug;
		};
		C335E6BE2430CAB800F8AE4A /* Release */ = {
			isa = XCBuildConfiguration;
			buildSettings = {
				ALWAYS_EMBED_SWIFT_STANDARD_LIBRARIES = YES;
				CODE_SIGN_STYLE = Automatic;
				DEVELOPMENT_TEAM = 794JRYQNL8;
				INFOPLIST_FILE = Map_OperationsUITests/Info.plist;
				LD_RUNPATH_SEARCH_PATHS = (
					"$(inherited)",
					"@executable_path/Frameworks",
					"@loader_path/Frameworks",
				);
				PRODUCT_BUNDLE_IDENTIFIER = "hmko.Map-OperationsUITests";
				PRODUCT_NAME = "$(TARGET_NAME)";
				SWIFT_VERSION = 5.0;
				TARGETED_DEVICE_FAMILY = "1,2";
				TEST_TARGET_NAME = Map_Operations;
			};
			name = Release;
		};
/* End XCBuildConfiguration section */

/* Begin XCConfigurationList section */
		C335E6872430CAB100F8AE4A /* Build configuration list for PBXProject "Map_Operations" */ = {
			isa = XCConfigurationList;
			buildConfigurations = (
				C335E6B42430CAB800F8AE4A /* Debug */,
				C335E6B52430CAB800F8AE4A /* Release */,
			);
			defaultConfigurationIsVisible = 0;
			defaultConfigurationName = Release;
		};
		C335E6B62430CAB800F8AE4A /* Build configuration list for PBXNativeTarget "Map_Operations" */ = {
			isa = XCConfigurationList;
			buildConfigurations = (
				C335E6B72430CAB800F8AE4A /* Debug */,
				C335E6B82430CAB800F8AE4A /* Release */,
			);
			defaultConfigurationIsVisible = 0;
			defaultConfigurationName = Release;
		};
		C335E6B92430CAB800F8AE4A /* Build configuration list for PBXNativeTarget "Map_OperationsTests" */ = {
			isa = XCConfigurationList;
			buildConfigurations = (
				C335E6BA2430CAB800F8AE4A /* Debug */,
				C335E6BB2430CAB800F8AE4A /* Release */,
			);
			defaultConfigurationIsVisible = 0;
			defaultConfigurationName = Release;
		};
		C335E6BC2430CAB800F8AE4A /* Build configuration list for PBXNativeTarget "Map_OperationsUITests" */ = {
			isa = XCConfigurationList;
			buildConfigurations = (
				C335E6BD2430CAB800F8AE4A /* Debug */,
				C335E6BE2430CAB800F8AE4A /* Release */,
			);
			defaultConfigurationIsVisible = 0;
			defaultConfigurationName = Release;
		};
/* End XCConfigurationList section */
	};
	rootObject = C335E6842430CAB100F8AE4A /* Project object */;
}
